
Microsoft Visual Studio Solution File, Format Version 12.00
# Visual Studio Version 17
VisualStudioVersion = 17.8.34525.116
MinimumVisualStudioVersion = 10.0.40219.1
Project("{FAE04EC0-301F-11D3-BF4B-00C04F79EFBC}") = "Task2", "Task2\Task2.csproj", "{52B28138-77AC-4206-BDC7-9EA80662758B}"
EndProject
Global
	GlobalSection(SolutionConfigurationPlatforms) = preSolution
		Debug|Any CPU = Debug|Any CPU
		Release|Any CPU = Release|Any CPU
	EndGlobalSection
	GlobalSection(ProjectConfigurationPlatforms) = postSolution
		{52B28138-77AC-4206-BDC7-9EA80662758B}.Debug|Any CPU.ActiveCfg = Debug|Any CPU
		{52B28138-77AC-4206-BDC7-9EA80662758B}.Debug|Any CPU.Build.0 = Debug|Any CPU
		{52B28138-77AC-4206-BDC7-9EA80662758B}.Release|Any CPU.ActiveCfg = Release|Any CPU
		{52B28138-77AC-4206-BDC7-9EA80662758B}.Release|Any CPU.Build.0 = Release|Any CPU
	EndGlobalSection
	GlobalSection(SolutionProperties) = preSolution
		HideSolutionNode = FALSE
	EndGlobalSection
	GlobalSection(ExtensibilityGlobals) = postSolution
		SolutionGuid = {AF37462B-ECA1-4AA9-A5DE-D313E4414DBA}
	EndGlobalSection
EndGlobal
